// !$*UTF8*$!
{
	archiveVersion = 1;
	classes = {
	};
	objectVersion = 46;
	objects = {

/* Begin PBXBuildFile section */
		D64DC1E21BF3314400A8F5E9 /* main.m in Sources */ = {isa = PBXBuildFile; fileRef = D64DC1E11BF3314400A8F5E9 /* main.m */; };
		D64DC1E51BF3314400A8F5E9 /* AppDelegate.m in Sources */ = {isa = PBXBuildFile; fileRef = D64DC1E41BF3314400A8F5E9 /* AppDelegate.m */; };
		D64DC1EB1BF3314400A8F5E9 /* Main.storyboard in Resources */ = {isa = PBXBuildFile; fileRef = D64DC1E91BF3314400A8F5E9 /* Main.storyboard */; };
		D64DC1ED1BF3314400A8F5E9 /* Assets.xcassets in Resources */ = {isa = PBXBuildFile; fileRef = D64DC1EC1BF3314400A8F5E9 /* Assets.xcassets */; };
		D64DC1F01BF3314400A8F5E9 /* LaunchScreen.storyboard in Resources */ = {isa = PBXBuildFile; fileRef = D64DC1EE1BF3314400A8F5E9 /* LaunchScreen.storyboard */; };
		D64DC1FB1BF3343400A8F5E9 /* ACRootViewController.m in Sources */ = {isa = PBXBuildFile; fileRef = D64DC1FA1BF3343400A8F5E9 /* ACRootViewController.m */; };
		D64DC1FE1BF4306C00A8F5E9 /* ACAnchorPointViewController.m in Sources */ = {isa = PBXBuildFile; fileRef = D64DC1FD1BF4306C00A8F5E9 /* ACAnchorPointViewController.m */; };
		D64DC2011BF43F4A00A8F5E9 /* ACAnimatablePropertiesViewController.m in Sources */ = {isa = PBXBuildFile; fileRef = D64DC2001BF43F4A00A8F5E9 /* ACAnimatablePropertiesViewController.m */; };
		D64DC2041BF475A400A8F5E9 /* ACDrawLayerByDelegateViewController.m in Sources */ = {isa = PBXBuildFile; fileRef = D64DC2031BF475A400A8F5E9 /* ACDrawLayerByDelegateViewController.m */; };
		D64DC2071BF488CD00A8F5E9 /* ACCustomLayer.m in Sources */ = {isa = PBXBuildFile; fileRef = D64DC2061BF488CD00A8F5E9 /* ACCustomLayer.m */; };
		D64DC20A1BF4899100A8F5E9 /* ACDrawLayerCustomViewController.m in Sources */ = {isa = PBXBuildFile; fileRef = D64DC2091BF4899100A8F5E9 /* ACDrawLayerCustomViewController.m */; };
		D64DC20D1BF58DD800A8F5E9 /* ACCircleAvatarWithShadowViewController.m in Sources */ = {isa = PBXBuildFile; fileRef = D64DC20C1BF58DD800A8F5E9 /* ACCircleAvatarWithShadowViewController.m */; };
		D64DC2101BF96C9600A8F5E9 /* ACLayerTransformViewController.m in Sources */ = {isa = PBXBuildFile; fileRef = D64DC20F1BF96C9600A8F5E9 /* ACLayerTransformViewController.m */; };
		D64DC2151BF9831700A8F5E9 /* avatar.png in Resources */ = {isa = PBXBuildFile; fileRef = D64DC2121BF9831700A8F5E9 /* avatar.png */; };
		D64DC2161BF9831700A8F5E9 /* background.jpg in Resources */ = {isa = PBXBuildFile; fileRef = D64DC2131BF9831700A8F5E9 /* background.jpg */; };
		D64DC2171BF9831700A8F5E9 /* petal.png in Resources */ = {isa = PBXBuildFile; fileRef = D64DC2141BF9831700A8F5E9 /* petal.png */; };
		D64DC21A1BF9A5BE00A8F5E9 /* ACMoveAnimationViewController.m in Sources */ = {isa = PBXBuildFile; fileRef = D64DC2191BF9A5BE00A8F5E9 /* ACMoveAnimationViewController.m */; };
		D64DC21D1BF9ADD800A8F5E9 /* ACMoveAnimationFullEditionViewController.m in Sources */ = {isa = PBXBuildFile; fileRef = D64DC21C1BF9ADD800A8F5E9 /* ACMoveAnimationFullEditionViewController.m */; };
		D64DC2201BF9B8A600A8F5E9 /* ACRotationAnimationViewController.m in Sources */ = {isa = PBXBuildFile; fileRef = D64DC21F1BF9B8A600A8F5E9 /* ACRotationAnimationViewController.m */; };
		D64DC2261BF9D58B00A8F5E9 /* ACKeyFrameAnimationViewController.m in Sources */ = {isa = PBXBuildFile; fileRef = D64DC2251BF9D58B00A8F5E9 /* ACKeyFrameAnimationViewController.m */; };
/* End PBXBuildFile section */

/* Begin PBXFileReference section */
		D64DC1DD1BF3314400A8F5E9 /* AnimationCase.app */ = {isa = PBXFileReference; explicitFileType = wrapper.application; includeInIndex = 0; path = AnimationCase.app; sourceTree = BUILT_PRODUCTS_DIR; };
		D64DC1E11BF3314400A8F5E9 /* main.m */ = {isa = PBXFileReference; lastKnownFileType = sourcecode.c.objc; path = main.m; sourceTree = "<group>"; };
		D64DC1E31BF3314400A8F5E9 /* AppDelegate.h */ = {isa = PBXFileReference; lastKnownFileType = sourcecode.c.h; path = AppDelegate.h; sourceTree = "<group>"; };
		D64DC1E41BF3314400A8F5E9 /* AppDelegate.m */ = {isa = PBXFileReference; lastKnownFileType = sourcecode.c.objc; path = AppDelegate.m; sourceTree = "<group>"; };
		D64DC1EA1BF3314400A8F5E9 /* Base */ = {isa = PBXFileReference; lastKnownFileType = file.storyboard; name = Base; path = Base.lproj/Main.storyboard; sourceTree = "<group>"; };
		D64DC1EC1BF3314400A8F5E9 /* Assets.xcassets */ = {isa = PBXFileReference; lastKnownFileType = folder.assetcatalog; path = Assets.xcassets; sourceTree = "<group>"; };
		D64DC1EF1BF3314400A8F5E9 /* Base */ = {isa = PBXFileReference; lastKnownFileType = file.storyboard; name = Base; path = Base.lproj/LaunchScreen.storyboard; sourceTree = "<group>"; };
		D64DC1F11BF3314400A8F5E9 /* Info.plist */ = {isa = PBXFileReference; lastKnownFileType = text.plist.xml; path = Info.plist; sourceTree = "<group>"; };
		D64DC1F91BF3343400A8F5E9 /* ACRootViewController.h */ = {isa = PBXFileReference; fileEncoding = 4; lastKnownFileType = sourcecode.c.h; path = ACRootViewController.h; sourceTree = "<group>"; };
		D64DC1FA1BF3343400A8F5E9 /* ACRootViewController.m */ = {isa = PBXFileReference; fileEncoding = 4; lastKnownFileType = sourcecode.c.objc; path = ACRootViewController.m; sourceTree = "<group>"; };
		D64DC1FC1BF4306C00A8F5E9 /* ACAnchorPointViewController.h */ = {isa = PBXFileReference; fileEncoding = 4; lastKnownFileType = sourcecode.c.h; path = ACAnchorPointViewController.h; sourceTree = "<group>"; };
		D64DC1FD1BF4306C00A8F5E9 /* ACAnchorPointViewController.m */ = {isa = PBXFileReference; fileEncoding = 4; lastKnownFileType = sourcecode.c.objc; path = ACAnchorPointViewController.m; sourceTree = "<group>"; };
		D64DC1FF1BF43F4A00A8F5E9 /* ACAnimatablePropertiesViewController.h */ = {isa = PBXFileReference; fileEncoding = 4; lastKnownFileType = sourcecode.c.h; path = ACAnimatablePropertiesViewController.h; sourceTree = "<group>"; };
		D64DC2001BF43F4A00A8F5E9 /* ACAnimatablePropertiesViewController.m */ = {isa = PBXFileReference; fileEncoding = 4; lastKnownFileType = sourcecode.c.objc; path = ACAnimatablePropertiesViewController.m; sourceTree = "<group>"; };
		D64DC2021BF475A400A8F5E9 /* ACDrawLayerByDelegateViewController.h */ = {isa = PBXFileReference; fileEncoding = 4; lastKnownFileType = sourcecode.c.h; path = ACDrawLayerByDelegateViewController.h; sourceTree = "<group>"; };
		D64DC2031BF475A400A8F5E9 /* ACDrawLayerByDelegateViewController.m */ = {isa = PBXFileReference; fileEncoding = 4; lastKnownFileType = sourcecode.c.objc; path = ACDrawLayerByDelegateViewController.m; sourceTree = "<group>"; };
		D64DC2051BF488CD00A8F5E9 /* ACCustomLayer.h */ = {isa = PBXFileReference; fileEncoding = 4; lastKnownFileType = sourcecode.c.h; path = ACCustomLayer.h; sourceTree = "<group>"; };
		D64DC2061BF488CD00A8F5E9 /* ACCustomLayer.m */ = {isa = PBXFileReference; fileEncoding = 4; lastKnownFileType = sourcecode.c.objc; path = ACCustomLayer.m; sourceTree = "<group>"; };
		D64DC2081BF4899100A8F5E9 /* ACDrawLayerCustomViewController.h */ = {isa = PBXFileReference; fileEncoding = 4; lastKnownFileType = sourcecode.c.h; path = ACDrawLayerCustomViewController.h; sourceTree = "<group>"; };
		D64DC2091BF4899100A8F5E9 /* ACDrawLayerCustomViewController.m */ = {isa = PBXFileReference; fileEncoding = 4; lastKnownFileType = sourcecode.c.objc; path = ACDrawLayerCustomViewController.m; sourceTree = "<group>"; };
		D64DC20B1BF58DD800A8F5E9 /* ACCircleAvatarWithShadowViewController.h */ = {isa = PBXFileReference; fileEncoding = 4; lastKnownFileType = sourcecode.c.h; path = ACCircleAvatarWithShadowViewController.h; sourceTree = "<group>"; };
		D64DC20C1BF58DD800A8F5E9 /* ACCircleAvatarWithShadowViewController.m */ = {isa = PBXFileReference; fileEncoding = 4; lastKnownFileType = sourcecode.c.objc; path = ACCircleAvatarWithShadowViewController.m; sourceTree = "<group>"; };
		D64DC20E1BF96C9600A8F5E9 /* ACLayerTransformViewController.h */ = {isa = PBXFileReference; fileEncoding = 4; lastKnownFileType = sourcecode.c.h; path = ACLayerTransformViewController.h; sourceTree = "<group>"; };
		D64DC20F1BF96C9600A8F5E9 /* ACLayerTransformViewController.m */ = {isa = PBXFileReference; fileEncoding = 4; lastKnownFileType = sourcecode.c.objc; path = ACLayerTransformViewController.m; sourceTree = "<group>"; };
		D64DC2121BF9831700A8F5E9 /* avatar.png */ = {isa = PBXFileReference; lastKnownFileType = image.png; path = avatar.png; sourceTree = "<group>"; };
		D64DC2131BF9831700A8F5E9 /* background.jpg */ = {isa = PBXFileReference; lastKnownFileType = image.jpeg; path = background.jpg; sourceTree = "<group>"; };
		D64DC2141BF9831700A8F5E9 /* petal.png */ = {isa = PBXFileReference; lastKnownFileType = image.png; path = petal.png; sourceTree = "<group>"; };
		D64DC2181BF9A5BE00A8F5E9 /* ACMoveAnimationViewController.h */ = {isa = PBXFileReference; fileEncoding = 4; lastKnownFileType = sourcecode.c.h; path = ACMoveAnimationViewController.h; sourceTree = "<group>"; };
		D64DC2191BF9A5BE00A8F5E9 /* ACMoveAnimationViewController.m */ = {isa = PBXFileReference; fileEncoding = 4; lastKnownFileType = sourcecode.c.objc; path = ACMoveAnimationViewController.m; sourceTree = "<group>"; };
		D64DC21B1BF9ADD800A8F5E9 /* ACMoveAnimationFullEditionViewController.h */ = {isa = PBXFileReference; fileEncoding = 4; lastKnownFileType = sourcecode.c.h; path = ACMoveAnimationFullEditionViewController.h; sourceTree = "<group>"; };
		D64DC21C1BF9ADD800A8F5E9 /* ACMoveAnimationFullEditionViewController.m */ = {isa = PBXFileReference; fileEncoding = 4; lastKnownFileType = sourcecode.c.objc; path = ACMoveAnimationFullEditionViewController.m; sourceTree = "<group>"; };
		D64DC21E1BF9B8A600A8F5E9 /* ACRotationAnimationViewController.h */ = {isa = PBXFileReference; fileEncoding = 4; lastKnownFileType = sourcecode.c.h; path = ACRotationAnimationViewController.h; sourceTree = "<group>"; };
		D64DC21F1BF9B8A600A8F5E9 /* ACRotationAnimationViewController.m */ = {isa = PBXFileReference; fileEncoding = 4; lastKnownFileType = sourcecode.c.objc; path = ACRotationAnimationViewController.m; sourceTree = "<group>"; };
		D64DC2241BF9D58B00A8F5E9 /* ACKeyFrameAnimationViewController.h */ = {isa = PBXFileReference; fileEncoding = 4; lastKnownFileType = sourcecode.c.h; path = ACKeyFrameAnimationViewController.h; sourceTree = "<group>"; };
		D64DC2251BF9D58B00A8F5E9 /* ACKeyFrameAnimationViewController.m */ = {isa = PBXFileReference; fileEncoding = 4; lastKnownFileType = sourcecode.c.objc; path = ACKeyFrameAnimationViewController.m; sourceTree = "<group>"; };
/* End PBXFileReference section */

/* Begin PBXFrameworksBuildPhase section */
		D64DC1DA1BF3314400A8F5E9 /* Frameworks */ = {
			isa = PBXFrameworksBuildPhase;
			buildActionMask = 2147483647;
			files = (
			);
			runOnlyForDeploymentPostprocessing = 0;
		};
/* End PBXFrameworksBuildPhase section */

/* Begin PBXGroup section */
		D64DC1D41BF3314400A8F5E9 = {
			isa = PBXGroup;
			children = (
				D64DC1DF1BF3314400A8F5E9 /* AnimationCase */,
				D64DC1DE1BF3314400A8F5E9 /* Products */,
			);
			sourceTree = "<group>";
		};
		D64DC1DE1BF3314400A8F5E9 /* Products */ = {
			isa = PBXGroup;
			children = (
				D64DC1DD1BF3314400A8F5E9 /* AnimationCase.app */,
			);
			name = Products;
			sourceTree = "<group>";
		};
		D64DC1DF1BF3314400A8F5E9 /* AnimationCase */ = {
			isa = PBXGroup;
			children = (
				D64DC1F71BF332CF00A8F5E9 /* CALayerCase */,
				D64DC1F81BF332CF00A8F5E9 /* CoreAnimationCase */,
				D64DC1E31BF3314400A8F5E9 /* AppDelegate.h */,
				D64DC1E41BF3314400A8F5E9 /* AppDelegate.m */,
				D64DC1F91BF3343400A8F5E9 /* ACRootViewController.h */,
				D64DC1FA1BF3343400A8F5E9 /* ACRootViewController.m */,
				D64DC1E91BF3314400A8F5E9 /* Main.storyboard */,
				D64DC1EC1BF3314400A8F5E9 /* Assets.xcassets */,
				D64DC1EE1BF3314400A8F5E9 /* LaunchScreen.storyboard */,
				D64DC1F11BF3314400A8F5E9 /* Info.plist */,
				D64DC1E01BF3314400A8F5E9 /* Supporting Files */,
			);
			path = AnimationCase;
			sourceTree = "<group>";
		};
		D64DC1E01BF3314400A8F5E9 /* Supporting Files */ = {
			isa = PBXGroup;
			children = (
				D64DC2111BF9831700A8F5E9 /* image */,
				D64DC1E11BF3314400A8F5E9 /* main.m */,
			);
			name = "Supporting Files";
			sourceTree = "<group>";
		};
		D64DC1F71BF332CF00A8F5E9 /* CALayerCase */ = {
			isa = PBXGroup;
			children = (
				D64DC1FC1BF4306C00A8F5E9 /* ACAnchorPointViewController.h */,
				D64DC1FD1BF4306C00A8F5E9 /* ACAnchorPointViewController.m */,
				D64DC1FF1BF43F4A00A8F5E9 /* ACAnimatablePropertiesViewController.h */,
				D64DC2001BF43F4A00A8F5E9 /* ACAnimatablePropertiesViewController.m */,
				D64DC2021BF475A400A8F5E9 /* ACDrawLayerByDelegateViewController.h */,
				D64DC2031BF475A400A8F5E9 /* ACDrawLayerByDelegateViewController.m */,
				D64DC2051BF488CD00A8F5E9 /* ACCustomLayer.h */,
				D64DC2061BF488CD00A8F5E9 /* ACCustomLayer.m */,
				D64DC2081BF4899100A8F5E9 /* ACDrawLayerCustomViewController.h */,
				D64DC2091BF4899100A8F5E9 /* ACDrawLayerCustomViewController.m */,
				D64DC20B1BF58DD800A8F5E9 /* ACCircleAvatarWithShadowViewController.h */,
				D64DC20C1BF58DD800A8F5E9 /* ACCircleAvatarWithShadowViewController.m */,
				D64DC20E1BF96C9600A8F5E9 /* ACLayerTransformViewController.h */,
				D64DC20F1BF96C9600A8F5E9 /* ACLayerTransformViewController.m */,
			);
			path = CALayerCase;
			sourceTree = "<group>";
		};
		D64DC1F81BF332CF00A8F5E9 /* CoreAnimationCase */ = {
			isa = PBXGroup;
			children = (
				D64DC2181BF9A5BE00A8F5E9 /* ACMoveAnimationViewController.h */,
				D64DC2191BF9A5BE00A8F5E9 /* ACMoveAnimationViewController.m */,
				D64DC21B1BF9ADD800A8F5E9 /* ACMoveAnimationFullEditionViewController.h */,
				D64DC21C1BF9ADD800A8F5E9 /* ACMoveAnimationFullEditionViewController.m */,
				D64DC21E1BF9B8A600A8F5E9 /* ACRotationAnimationViewController.h */,
				D64DC21F1BF9B8A600A8F5E9 /* ACRotationAnimationViewController.m */,
				D64DC2241BF9D58B00A8F5E9 /* ACKeyFrameAnimationViewController.h */,
				D64DC2251BF9D58B00A8F5E9 /* ACKeyFrameAnimationViewController.m */,
			);
			path = CoreAnimationCase;
			sourceTree = "<group>";
		};
		D64DC2111BF9831700A8F5E9 /* image */ = {
			isa = PBXGroup;
			children = (
				D64DC2121BF9831700A8F5E9 /* avatar.png */,
				D64DC2131BF9831700A8F5E9 /* background.jpg */,
				D64DC2141BF9831700A8F5E9 /* petal.png */,
			);
			path = image;
			sourceTree = "<group>";
		};
/* End PBXGroup section */

/* Begin PBXNativeTarget section */
		D64DC1DC1BF3314400A8F5E9 /* AnimationCase */ = {
			isa = PBXNativeTarget;
			buildConfigurationList = D64DC1F41BF3314400A8F5E9 /* Build configuration list for PBXNativeTarget "AnimationCase" */;
			buildPhases = (
				D64DC1D91BF3314400A8F5E9 /* Sources */,
				D64DC1DA1BF3314400A8F5E9 /* Frameworks */,
				D64DC1DB1BF3314400A8F5E9 /* Resources */,
			);
			buildRules = (
			);
			dependencies = (
			);
			name = AnimationCase;
			productName = AnimationCase;
			productReference = D64DC1DD1BF3314400A8F5E9 /* AnimationCase.app */;
			productType = "com.apple.product-type.application";
		};
/* End PBXNativeTarget section */

/* Begin PBXProject section */
		D64DC1D51BF3314400A8F5E9 /* Project object */ = {
			isa = PBXProject;
			attributes = {
				CLASSPREFIX = AC;
				LastUpgradeCheck = 0710;
				ORGANIZATIONNAME = Lucifer;
				TargetAttributes = {
					D64DC1DC1BF3314400A8F5E9 = {
						CreatedOnToolsVersion = 7.1;
					};
				};
			};
			buildConfigurationList = D64DC1D81BF3314400A8F5E9 /* Build configuration list for PBXProject "AnimationCase" */;
			compatibilityVersion = "Xcode 3.2";
			developmentRegion = English;
			hasScannedForEncodings = 0;
			knownRegions = (
				en,
				Base,
			);
			mainGroup = D64DC1D41BF3314400A8F5E9;
			productRefGroup = D64DC1DE1BF3314400A8F5E9 /* Products */;
			projectDirPath = "";
			projectRoot = "";
			targets = (
				D64DC1DC1BF3314400A8F5E9 /* AnimationCase */,
			);
		};
/* End PBXProject section */

/* Begin PBXResourcesBuildPhase section */
		D64DC1DB1BF3314400A8F5E9 /* Resources */ = {
			isa = PBXResourcesBuildPhase;
			buildActionMask = 2147483647;
			files = (
				D64DC2151BF9831700A8F5E9 /* avatar.png in Resources */,
				D64DC2161BF9831700A8F5E9 /* background.jpg in Resources */,
				D64DC2171BF9831700A8F5E9 /* petal.png in Resources */,
				D64DC1F01BF3314400A8F5E9 /* LaunchScreen.storyboard in Resources */,
				D64DC1ED1BF3314400A8F5E9 /* Assets.xcassets in Resources */,
				D64DC1EB1BF3314400A8F5E9 /* Main.storyboard in Resources */,
			);
			runOnlyForDeploymentPostprocessing = 0;
		};
/* End PBXResourcesBuildPhase section */

/* Begin PBXSourcesBuildPhase section */
		D64DC1D91BF3314400A8F5E9 /* Sources */ = {
			isa = PBXSourcesBuildPhase;
			buildActionMask = 2147483647;
			files = (
				D64DC2071BF488CD00A8F5E9 /* ACCustomLayer.m in Sources */,
				D64DC21A1BF9A5BE00A8F5E9 /* ACMoveAnimationViewController.m in Sources */,
				D64DC21D1BF9ADD800A8F5E9 /* ACMoveAnimationFullEditionViewController.m in Sources */,
				D64DC1FE1BF4306C00A8F5E9 /* ACAnchorPointViewController.m in Sources */,
				D64DC1E51BF3314400A8F5E9 /* AppDelegate.m in Sources */,
				D64DC1FB1BF3343400A8F5E9 /* ACRootViewController.m in Sources */,
				D64DC1E21BF3314400A8F5E9 /* main.m in Sources */,
				D64DC2201BF9B8A600A8F5E9 /* ACRotationAnimationViewController.m in Sources */,
				D64DC2261BF9D58B00A8F5E9 /* ACKeyFrameAnimationViewController.m in Sources */,
				D64DC2041BF475A400A8F5E9 /* ACDrawLayerByDelegateViewController.m in Sources */,
				D64DC2011BF43F4A00A8F5E9 /* ACAnimatablePropertiesViewController.m in Sources */,
				D64DC20D1BF58DD800A8F5E9 /* ACCircleAvatarWithShadowViewController.m in Sources */,
				D64DC2101BF96C9600A8F5E9 /* ACLayerTransformViewController.m in Sources */,
				D64DC20A1BF4899100A8F5E9 /* ACDrawLayerCustomViewController.m in Sources */,
			);
			runOnlyForDeploymentPostprocessing = 0;
		};
/* End PBXSourcesBuildPhase section */

/* Begin PBXVariantGroup section */
		D64DC1E91BF3314400A8F5E9 /* Main.storyboard */ = {
			isa = PBXVariantGroup;
			children = (
				D64DC1EA1BF3314400A8F5E9 /* Base */,
			);
			name = Main.storyboard;
			sourceTree = "<group>";
		};
		D64DC1EE1BF3314400A8F5E9 /* LaunchScreen.storyboard */ = {
			isa = PBXVariantGroup;
			children = (
				D64DC1EF1BF3314400A8F5E9 /* Base */,
			);
			name = LaunchScreen.storyboard;
			sourceTree = "<group>";
		};
/* End PBXVariantGroup section */

/* Begin XCBuildConfiguration section */
		D64DC1F21BF3314400A8F5E9 /* Debug */ = {
			isa = XCBuildConfiguration;
			buildSettings = {
				ALWAYS_SEARCH_USER_PATHS = NO;
				CLANG_CXX_LANGUAGE_STANDARD = "gnu++0x";
				CLANG_CXX_LIBRARY = "libc++";
				CLANG_ENABLE_MODULES = YES;
				CLANG_ENABLE_OBJC_ARC = YES;
				CLANG_WARN_BOOL_CONVERSION = YES;
				CLANG_WARN_CONSTANT_CONVERSION = YES;
				CLANG_WARN_DIRECT_OBJC_ISA_USAGE = YES_ERROR;
				CLANG_WARN_EMPTY_BODY = YES;
				CLANG_WARN_ENUM_CONVERSION = YES;
				CLANG_WARN_INT_CONVERSION = YES;
				CLANG_WARN_OBJC_ROOT_CLASS = YES_ERROR;
				CLANG_WARN_UNREACHABLE_CODE = YES;
				CLANG_WARN__DUPLICATE_METHOD_MATCH = YES;
				"CODE_SIGN_IDENTITY[sdk=iphoneos*]" = "iPhone Developer";
				COPY_PHASE_STRIP = NO;
				DEBUG_INFORMATION_FORMAT = dwarf;
				ENABLE_STRICT_OBJC_MSGSEND = YES;
				ENABLE_TESTABILITY = YES;
				GCC_C_LANGUAGE_STANDARD = gnu99;
				GCC_DYNAMIC_NO_PIC = NO;
				GCC_NO_COMMON_BLOCKS = YES;
				GCC_OPTIMIZATION_LEVEL = 0;
				GCC_PREPROCESSOR_DEFINITIONS = (
					"DEBUG=1",
					"$(inherited)",
				);
				GCC_WARN_64_TO_32_BIT_CONVERSION = YES;
				GCC_WARN_ABOUT_RETURN_TYPE = YES_ERROR;
				GCC_WARN_UNDECLARED_SELECTOR = YES;
				GCC_WARN_UNINITIALIZED_AUTOS = YES_AGGRESSIVE;
				GCC_WARN_UNUSED_FUNCTION = YES;
				GCC_WARN_UNUSED_VARIABLE = YES;
				IPHONEOS_DEPLOYMENT_TARGET = 9.1;
				MTL_ENABLE_DEBUG_INFO = YES;
				ONLY_ACTIVE_ARCH = YES;
				SDKROOT = iphoneos;
			};
			name = Debug;
		};
		D64DC1F31BF3314400A8F5E9 /* Release */ = {
			isa = XCBuildConfiguration;
			buildSettings = {
				ALWAYS_SEARCH_USER_PATHS = NO;
				CLANG_CXX_LANGUAGE_STANDARD = "gnu++0x";
				CLANG_CXX_LIBRARY = "libc++";
				CLANG_ENABLE_MODULES = YES;
				CLANG_ENABLE_OBJC_ARC = YES;
				CLANG_WARN_BOOL_CONVERSION = YES;
				CLANG_WARN_CONSTANT_CONVERSION = YES;
				CLANG_WARN_DIRECT_OBJC_ISA_USAGE = YES_ERROR;
				CLANG_WARN_EMPTY_BODY = YES;
				CLANG_WARN_ENUM_CONVERSION = YES;
				CLANG_WARN_INT_CONVERSION = YES;
				CLANG_WARN_OBJC_ROOT_CLASS = YES_ERROR;
				CLANG_WARN_UNREACHABLE_CODE = YES;
				CLANG_WARN__DUPLICATE_METHOD_MATCH = YES;
				"CODE_SIGN_IDENTITY[sdk=iphoneos*]" = "iPhone Developer";
				COPY_PHASE_STRIP = NO;
				DEBUG_INFORMATION_FORMAT = "dwarf-with-dsym";
				ENABLE_NS_ASSERTIONS = NO;
				ENABLE_STRICT_OBJC_MSGSEND = YES;
				GCC_C_LANGUAGE_STANDARD = gnu99;
				GCC_NO_COMMON_BLOCKS = YES;
				GCC_WARN_64_TO_32_BIT_CONVERSION = YES;
				GCC_WARN_ABOUT_RETURN_TYPE = YES_ERROR;
				GCC_WARN_UNDECLARED_SELECTOR = YES;
				GCC_WARN_UNINITIALIZED_AUTOS = YES_AGGRESSIVE;
				GCC_WARN_UNUSED_FUNCTION = YES;
				GCC_WARN_UNUSED_VARIABLE = YES;
				IPHONEOS_DEPLOYMENT_TARGET = 9.1;
				MTL_ENABLE_DEBUG_INFO = NO;
				SDKROOT = iphoneos;
				VALIDATE_PRODUCT = YES;
			};
			name = Release;
		};
		D64DC1F51BF3314400A8F5E9 /* Debug */ = {
			isa = XCBuildConfiguration;
			buildSettings = {
				ASSETCATALOG_COMPILER_APPICON_NAME = AppIcon;
				INFOPLIST_FILE = AnimationCase/Info.plist;
				LD_RUNPATH_SEARCH_PATHS = "$(inherited) @executable_path/Frameworks";
				PRODUCT_BUNDLE_IDENTIFIER = com.Lucifer.AnimationCase;
				PRODUCT_NAME = "$(TARGET_NAME)";
			};
			name = Debug;
		};
		D64DC1F61BF3314400A8F5E9 /* Release */ = {
			isa = XCBuildConfiguration;
			buildSettings = {
				ASSETCATALOG_COMPILER_APPICON_NAME = AppIcon;
				INFOPLIST_FILE = AnimationCase/Info.plist;
				LD_RUNPATH_SEARCH_PATHS = "$(inherited) @executable_path/Frameworks";
				PRODUCT_BUNDLE_IDENTIFIER = com.Lucifer.AnimationCase;
				PRODUCT_NAME = "$(TARGET_NAME)";
			};
			name = Release;
		};
/* End XCBuildConfiguration section */

/* Begin XCConfigurationList section */
		D64DC1D81BF3314400A8F5E9 /* Build configuration list for PBXProject "AnimationCase" */ = {
			isa = XCConfigurationList;
			buildConfigurations = (
				D64DC1F21BF3314400A8F5E9 /* Debug */,
				D64DC1F31BF3314400A8F5E9 /* Release */,
			);
			defaultConfigurationIsVisible = 0;
			defaultConfigurationName = Release;
		};
		D64DC1F41BF3314400A8F5E9 /* Build configuration list for PBXNativeTarget "AnimationCase" */ = {
			isa = XCConfigurationList;
			buildConfigurations = (
				D64DC1F51BF3314400A8F5E9 /* Debug */,
				D64DC1F61BF3314400A8F5E9 /* Release */,
			);
			defaultConfigurationIsVisible = 0;
		};
/* End XCConfigurationList section */
	};
	rootObject = D64DC1D51BF3314400A8F5E9 /* Project object */;
}
